
Microsoft Visual Studio Solution File, Format Version 12.00
Project("{FAE04EC0-301F-11D3-BF4B-00C04F79EFBC}") = "AIChateroo", "AIChateroo\AIChateroo.csproj", "{98C08B14-377D-44BD-A493-3AAB32D5C4F4}"
EndProject
Project("{FAE04EC0-301F-11D3-BF4B-00C04F79EFBC}") = "AIChateroo.Tests", "AIChateroo.Tests\AIChateroo.Tests.csproj", "{6D1E7D48-F3EB-4EFE-8138-6E6BBB05FC35}"
EndProject
Project("{FAE04EC0-301F-11D3-BF4B-00C04F79EFBC}") = "AIChateroo.Cli", "AIChateroo.Cli\AIChateroo.Cli.csproj", "{B2E0C2C2-31A7-4DE4-A5E0-C80652102261}"
EndProject
Project("{2150E333-8FDC-42A3-9474-1A3956D46DE8}") = "Cli", "Cli", "{4415A775-A8B6-4329-998D-2630853A58E1}"
EndProject
Project("{2150E333-8FDC-42A3-9474-1A3956D46DE8}") = "Avalonia", "Avalonia", "{B4F99EEC-CA50-4272-A3F8-A6D876729FFE}"
EndProject
Project("{2150E333-8FDC-42A3-9474-1A3956D46DE8}") = "CrossPlattform", "CrossPlattform", "{BC77E7A5-0E89-430B-8265-3F09F73901C7}"
EndProject
Project("{FAE04EC0-301F-11D3-BF4B-00C04F79EFBC}") = "AiChateroo.Avalonia.Cross", "AiChateroo.Avalonia.Cross\AiChateroo.Avalonia.Cross\AiChateroo.Avalonia.Cross.csproj", "{C7F106BC-D790-46C9-B0BC-44D9BF5F68FE}"
EndProject
Project("{FAE04EC0-301F-11D3-BF4B-00C04F79EFBC}") = "AiChateroo.Avalonia.Cross.Android", "AiChateroo.Avalonia.Cross\AiChateroo.Avalonia.Cross.Android\AiChateroo.Avalonia.Cross.Android.csproj", "{D0E3191D-6999-44B8-8BC0-5E9A7F329AF0}"
EndProject
Project("{FAE04EC0-301F-11D3-BF4B-00C04F79EFBC}") = "AiChateroo.Avalonia.Cross.Desktop", "AiChateroo.Avalonia.Cross\AiChateroo.Avalonia.Cross.Desktop\AiChateroo.Avalonia.Cross.Desktop.csproj", "{C7C5CA58-0889-4C31-9E1B-2CD36E974BBA}"
EndProject
Project("{FAE04EC0-301F-11D3-BF4B-00C04F79EFBC}") = "AiChateroo.Avalonia.Cross.iOS", "AiChateroo.Avalonia.Cross\AiChateroo.Avalonia.Cross.iOS\AiChateroo.Avalonia.Cross.iOS.csproj", "{DD158868-3832-4895-B9BA-7FC8C8ADC871}"
EndProject
Project("{FAE04EC0-301F-11D3-BF4B-00C04F79EFBC}") = "AiChateroo.Avalonia.Cross.Browser", "AiChateroo.Avalonia.Cross\AiChateroo.Avalonia.Cross.Browser\AiChateroo.Avalonia.Cross.Browser.csproj", "{412E15BA-A5CB-42D1-B81F-1B4466080234}"
EndProject
Global
	GlobalSection(SolutionConfigurationPlatforms) = preSolution
		Debug|Any CPU = Debug|Any CPU
		Release|Any CPU = Release|Any CPU
	EndGlobalSection
	GlobalSection(ProjectConfigurationPlatforms) = postSolution
		{98C08B14-377D-44BD-A493-3AAB32D5C4F4}.Debug|Any CPU.ActiveCfg = Debug|Any CPU
		{98C08B14-377D-44BD-A493-3AAB32D5C4F4}.Debug|Any CPU.Build.0 = Debug|Any CPU
		{98C08B14-377D-44BD-A493-3AAB32D5C4F4}.Release|Any CPU.ActiveCfg = Release|Any CPU
		{98C08B14-377D-44BD-A493-3AAB32D5C4F4}.Release|Any CPU.Build.0 = Release|Any CPU
		{6D1E7D48-F3EB-4EFE-8138-6E6BBB05FC35}.Debug|Any CPU.ActiveCfg = Debug|Any CPU
		{6D1E7D48-F3EB-4EFE-8138-6E6BBB05FC35}.Debug|Any CPU.Build.0 = Debug|Any CPU
		{6D1E7D48-F3EB-4EFE-8138-6E6BBB05FC35}.Release|Any CPU.ActiveCfg = Release|Any CPU
		{6D1E7D48-F3EB-4EFE-8138-6E6BBB05FC35}.Release|Any CPU.Build.0 = Release|Any CPU
		{B2E0C2C2-31A7-4DE4-A5E0-C80652102261}.Debug|Any CPU.ActiveCfg = Debug|Any CPU
		{B2E0C2C2-31A7-4DE4-A5E0-C80652102261}.Debug|Any CPU.Build.0 = Debug|Any CPU
		{B2E0C2C2-31A7-4DE4-A5E0-C80652102261}.Release|Any CPU.ActiveCfg = Release|Any CPU
		{B2E0C2C2-31A7-4DE4-A5E0-C80652102261}.Release|Any CPU.Build.0 = Release|Any CPU
		{C7F106BC-D790-46C9-B0BC-44D9BF5F68FE}.Debug|Any CPU.ActiveCfg = Debug|Any CPU
		{C7F106BC-D790-46C9-B0BC-44D9BF5F68FE}.Debug|Any CPU.Build.0 = Debug|Any CPU
		{C7F106BC-D790-46C9-B0BC-44D9BF5F68FE}.Release|Any CPU.ActiveCfg = Release|Any CPU
		{C7F106BC-D790-46C9-B0BC-44D9BF5F68FE}.Release|Any CPU.Build.0 = Release|Any CPU
		{D0E3191D-6999-44B8-8BC0-5E9A7F329AF0}.Debug|Any CPU.ActiveCfg = Debug|Any CPU
		{D0E3191D-6999-44B8-8BC0-5E9A7F329AF0}.Debug|Any CPU.Build.0 = Debug|Any CPU
		{D0E3191D-6999-44B8-8BC0-5E9A7F329AF0}.Release|Any CPU.ActiveCfg = Release|Any CPU
		{D0E3191D-6999-44B8-8BC0-5E9A7F329AF0}.Release|Any CPU.Build.0 = Release|Any CPU
		{C7C5CA58-0889-4C31-9E1B-2CD36E974BBA}.Debug|Any CPU.ActiveCfg = Debug|Any CPU
		{C7C5CA58-0889-4C31-9E1B-2CD36E974BBA}.Debug|Any CPU.Build.0 = Debug|Any CPU
		{C7C5CA58-0889-4C31-9E1B-2CD36E974BBA}.Release|Any CPU.ActiveCfg = Release|Any CPU
		{C7C5CA58-0889-4C31-9E1B-2CD36E974BBA}.Release|Any CPU.Build.0 = Release|Any CPU
		{DD158868-3832-4895-B9BA-7FC8C8ADC871}.Debug|Any CPU.ActiveCfg = Debug|Any CPU
		{DD158868-3832-4895-B9BA-7FC8C8ADC871}.Debug|Any CPU.Build.0 = Debug|Any CPU
		{DD158868-3832-4895-B9BA-7FC8C8ADC871}.Release|Any CPU.ActiveCfg = Release|Any CPU
		{DD158868-3832-4895-B9BA-7FC8C8ADC871}.Release|Any CPU.Build.0 = Release|Any CPU
		{412E15BA-A5CB-42D1-B81F-1B4466080234}.Debug|Any CPU.ActiveCfg = Debug|Any CPU
		{412E15BA-A5CB-42D1-B81F-1B4466080234}.Debug|Any CPU.Build.0 = Debug|Any CPU
		{412E15BA-A5CB-42D1-B81F-1B4466080234}.Release|Any CPU.ActiveCfg = Release|Any CPU
		{412E15BA-A5CB-42D1-B81F-1B4466080234}.Release|Any CPU.Build.0 = Release|Any CPU
	EndGlobalSection
	GlobalSection(NestedProjects) = preSolution
		{B2E0C2C2-31A7-4DE4-A5E0-C80652102261} = {4415A775-A8B6-4329-998D-2630853A58E1}
		{BC77E7A5-0E89-430B-8265-3F09F73901C7} = {B4F99EEC-CA50-4272-A3F8-A6D876729FFE}
		{C7F106BC-D790-46C9-B0BC-44D9BF5F68FE} = {BC77E7A5-0E89-430B-8265-3F09F73901C7}
		{D0E3191D-6999-44B8-8BC0-5E9A7F329AF0} = {BC77E7A5-0E89-430B-8265-3F09F73901C7}
		{C7C5CA58-0889-4C31-9E1B-2CD36E974BBA} = {BC77E7A5-0E89-430B-8265-3F09F73901C7}
		{DD158868-3832-4895-B9BA-7FC8C8ADC871} = {BC77E7A5-0E89-430B-8265-3F09F73901C7}
		{412E15BA-A5CB-42D1-B81F-1B4466080234} = {BC77E7A5-0E89-430B-8265-3F09F73901C7}
	EndGlobalSection
EndGlobal
